# This file is automatically @generated by Cargo.
# It is not intended for manual editing.
#
# Phase 6 Plan 06-05 Task 2 placeholder: the local executor environment
# for this commit did not have `cargo` installed, so this lockfile was
# initialised as an empty-package skeleton. The first CI run of
# `cargo build --target wasm32-wasip2 --release` will populate the
# transitive dependency graph; a follow-up commit syncs the resolved
# contents back to the repo. See .planning/phases/
# 06-m5-grammars-editor-extensions/06-05-SUMMARY.md "Deferred Items"
# for the tracking note and RESEARCH §V4 supply-chain discipline
# requirements.
version = 4
